
Microsoft Visual Studio Solution File, Format Version 12.00
# Visual Studio Version 16
VisualStudioVersion = 16.0.28922.388
MinimumVisualStudioVersion = 10.0.40219.1
Project("{2150E333-8FDC-42A3-9474-1A3956D46DE8}") = "Documentation", "Documentation", "{04282743-376D-4E91-851D-CE7206775D17}"
EndProject
Project("{2150E333-8FDC-42A3-9474-1A3956D46DE8}") = "Service", "Service", "{8D40EC06-59AC-4060-9911-1DF11E42DD7F}"
EndProject
Project("{9A19103F-16F7-4668-BE54-9A1E7A4F7556}") = "DemoApp.DataAccess", "DemoApp\DemoApp.DataAccess\DemoApp.DataAccess.csproj", "{57EF0BA2-336A-48E2-9017-887B05E2772B}"
EndProject
Project("{2150E333-8FDC-42A3-9474-1A3956D46DE8}") = "Consumer", "Consumer", "{A59D65AB-1C08-4BBE-9A19-A5512FE48245}"
EndProject
Project("{2150E333-8FDC-42A3-9474-1A3956D46DE8}") = "Producer", "Producer", "{B093BB21-C2C0-42F5-961C-A441236B8281}"
EndProject
Project("{2150E333-8FDC-42A3-9474-1A3956D46DE8}") = "Consumer", "Consumer", "{2AF0C6C0-F872-4161-9A83-24CAC97C1243}"
EndProject
Project("{9A19103F-16F7-4668-BE54-9A1E7A4F7556}") = "ClientLibrary", "Amazon\ClientLibrary\ClientLibrary.csproj", "{6A0F1050-1C4F-4C3D-80A9-BBCBE8CB339F}"
EndProject
Project("{9A19103F-16F7-4668-BE54-9A1E7A4F7556}") = "DemoApp.EventConsumer", "DemoApp\DemoApp.EventConsumer\DemoApp.EventConsumer.csproj", "{23F4698E-C664-4A6A-BE8A-C9941E950687}"
EndProject
Project("{E53339B2-1760-4266-BCC7-CA923CBCF16C}") = "docker-compose", "docker-compose.dcproj", "{883FFBE2-4A64-4C12-9367-EE22B006E51B}"
EndProject
Project("{2150E333-8FDC-42A3-9474-1A3956D46DE8}") = "Tests", "Tests", "{BEB063F9-AC18-4F78-BAC5-A3BDF578BD75}"
EndProject
Project("{9A19103F-16F7-4668-BE54-9A1E7A4F7556}") = "DemoApp.Tests", "DemoApp\DemoApp.Tests\DemoApp.Tests.csproj", "{512501AE-0D4C-4BF1-A5D4-E3B99032BC3F}"
EndProject
Project("{2150E333-8FDC-42A3-9474-1A3956D46DE8}") = "Common", "Common", "{004165FE-B291-4F21-A925-93D65F990038}"
EndProject
Project("{2150E333-8FDC-42A3-9474-1A3956D46DE8}") = "Amazon", "Amazon", "{9F05F683-284D-487D-BA3E-B8441F45A28D}"
EndProject
Project("{9A19103F-16F7-4668-BE54-9A1E7A4F7556}") = "Documentation", "..\Documentation\Documentation.csproj", "{254EB455-095B-4C33-9AEC-A660AA60FA6A}"
EndProject
Project("{9A19103F-16F7-4668-BE54-9A1E7A4F7556}") = "COD.Kinesis.Client", "Common\COD.Kinesis.Client\COD.Kinesis.Client.csproj", "{5462B7F5-5884-4F7A-B50B-18EE33C8A63B}"
EndProject
Project("{9A19103F-16F7-4668-BE54-9A1E7A4F7556}") = "COD.Kinesis.ConsumerHost", "Common\COD.Kinesis.ConsumerHost\COD.Kinesis.ConsumerHost.csproj", "{D091C97A-251F-417C-82FF-3B17C3199D12}"
EndProject
Project("{9A19103F-16F7-4668-BE54-9A1E7A4F7556}") = "DemoApp.EventProducer", "DemoApp\DemoApp.EventProducer\DemoApp.EventProducer.csproj", "{78C6096A-16F3-462C-941E-83CABC8D8337}"
EndProject
Project("{9A19103F-16F7-4668-BE54-9A1E7A4F7556}") = "DemoApp.Web", "DemoApp\DemoApp.Web\DemoApp.Web.csproj", "{77B02B18-CF3F-4EF4-B701-3A3C9B3187DF}"
EndProject
Global
	GlobalSection(SolutionConfigurationPlatforms) = preSolution
		Debug|Any CPU = Debug|Any CPU
		Release|Any CPU = Release|Any CPU
	EndGlobalSection
	GlobalSection(ProjectConfigurationPlatforms) = postSolution
		{57EF0BA2-336A-48E2-9017-887B05E2772B}.Debug|Any CPU.ActiveCfg = Debug|Any CPU
		{57EF0BA2-336A-48E2-9017-887B05E2772B}.Debug|Any CPU.Build.0 = Debug|Any CPU
		{57EF0BA2-336A-48E2-9017-887B05E2772B}.Release|Any CPU.ActiveCfg = Release|Any CPU
		{57EF0BA2-336A-48E2-9017-887B05E2772B}.Release|Any CPU.Build.0 = Release|Any CPU
		{6A0F1050-1C4F-4C3D-80A9-BBCBE8CB339F}.Debug|Any CPU.ActiveCfg = Debug|Any CPU
		{6A0F1050-1C4F-4C3D-80A9-BBCBE8CB339F}.Debug|Any CPU.Build.0 = Debug|Any CPU
		{6A0F1050-1C4F-4C3D-80A9-BBCBE8CB339F}.Release|Any CPU.ActiveCfg = Release|Any CPU
		{6A0F1050-1C4F-4C3D-80A9-BBCBE8CB339F}.Release|Any CPU.Build.0 = Release|Any CPU
		{23F4698E-C664-4A6A-BE8A-C9941E950687}.Debug|Any CPU.ActiveCfg = Debug|Any CPU
		{23F4698E-C664-4A6A-BE8A-C9941E950687}.Debug|Any CPU.Build.0 = Debug|Any CPU
		{23F4698E-C664-4A6A-BE8A-C9941E950687}.Release|Any CPU.ActiveCfg = Release|Any CPU
		{23F4698E-C664-4A6A-BE8A-C9941E950687}.Release|Any CPU.Build.0 = Release|Any CPU
		{883FFBE2-4A64-4C12-9367-EE22B006E51B}.Debug|Any CPU.ActiveCfg = Debug|Any CPU
		{883FFBE2-4A64-4C12-9367-EE22B006E51B}.Debug|Any CPU.Build.0 = Debug|Any CPU
		{883FFBE2-4A64-4C12-9367-EE22B006E51B}.Release|Any CPU.ActiveCfg = Release|Any CPU
		{883FFBE2-4A64-4C12-9367-EE22B006E51B}.Release|Any CPU.Build.0 = Release|Any CPU
		{512501AE-0D4C-4BF1-A5D4-E3B99032BC3F}.Debug|Any CPU.ActiveCfg = Debug|Any CPU
		{512501AE-0D4C-4BF1-A5D4-E3B99032BC3F}.Debug|Any CPU.Build.0 = Debug|Any CPU
		{512501AE-0D4C-4BF1-A5D4-E3B99032BC3F}.Release|Any CPU.ActiveCfg = Release|Any CPU
		{512501AE-0D4C-4BF1-A5D4-E3B99032BC3F}.Release|Any CPU.Build.0 = Release|Any CPU
		{254EB455-095B-4C33-9AEC-A660AA60FA6A}.Debug|Any CPU.ActiveCfg = Debug|Any CPU
		{254EB455-095B-4C33-9AEC-A660AA60FA6A}.Debug|Any CPU.Build.0 = Debug|Any CPU
		{254EB455-095B-4C33-9AEC-A660AA60FA6A}.Release|Any CPU.ActiveCfg = Release|Any CPU
		{254EB455-095B-4C33-9AEC-A660AA60FA6A}.Release|Any CPU.Build.0 = Release|Any CPU
		{5462B7F5-5884-4F7A-B50B-18EE33C8A63B}.Debug|Any CPU.ActiveCfg = Debug|Any CPU
		{5462B7F5-5884-4F7A-B50B-18EE33C8A63B}.Debug|Any CPU.Build.0 = Debug|Any CPU
		{5462B7F5-5884-4F7A-B50B-18EE33C8A63B}.Release|Any CPU.ActiveCfg = Release|Any CPU
		{5462B7F5-5884-4F7A-B50B-18EE33C8A63B}.Release|Any CPU.Build.0 = Release|Any CPU
		{D091C97A-251F-417C-82FF-3B17C3199D12}.Debug|Any CPU.ActiveCfg = Debug|Any CPU
		{D091C97A-251F-417C-82FF-3B17C3199D12}.Debug|Any CPU.Build.0 = Debug|Any CPU
		{D091C97A-251F-417C-82FF-3B17C3199D12}.Release|Any CPU.ActiveCfg = Release|Any CPU
		{D091C97A-251F-417C-82FF-3B17C3199D12}.Release|Any CPU.Build.0 = Release|Any CPU
		{78C6096A-16F3-462C-941E-83CABC8D8337}.Debug|Any CPU.ActiveCfg = Debug|Any CPU
		{78C6096A-16F3-462C-941E-83CABC8D8337}.Debug|Any CPU.Build.0 = Debug|Any CPU
		{78C6096A-16F3-462C-941E-83CABC8D8337}.Release|Any CPU.ActiveCfg = Release|Any CPU
		{78C6096A-16F3-462C-941E-83CABC8D8337}.Release|Any CPU.Build.0 = Release|Any CPU
		{77B02B18-CF3F-4EF4-B701-3A3C9B3187DF}.Debug|Any CPU.ActiveCfg = Debug|Any CPU
		{77B02B18-CF3F-4EF4-B701-3A3C9B3187DF}.Debug|Any CPU.Build.0 = Debug|Any CPU
		{77B02B18-CF3F-4EF4-B701-3A3C9B3187DF}.Release|Any CPU.ActiveCfg = Release|Any CPU
		{77B02B18-CF3F-4EF4-B701-3A3C9B3187DF}.Release|Any CPU.Build.0 = Release|Any CPU
	EndGlobalSection
	GlobalSection(SolutionProperties) = preSolution
		HideSolutionNode = FALSE
	EndGlobalSection
	GlobalSection(NestedProjects) = preSolution
		{57EF0BA2-336A-48E2-9017-887B05E2772B} = {2AF0C6C0-F872-4161-9A83-24CAC97C1243}
		{A59D65AB-1C08-4BBE-9A19-A5512FE48245} = {8D40EC06-59AC-4060-9911-1DF11E42DD7F}
		{B093BB21-C2C0-42F5-961C-A441236B8281} = {A59D65AB-1C08-4BBE-9A19-A5512FE48245}
		{2AF0C6C0-F872-4161-9A83-24CAC97C1243} = {A59D65AB-1C08-4BBE-9A19-A5512FE48245}
		{6A0F1050-1C4F-4C3D-80A9-BBCBE8CB339F} = {9F05F683-284D-487D-BA3E-B8441F45A28D}
		{23F4698E-C664-4A6A-BE8A-C9941E950687} = {2AF0C6C0-F872-4161-9A83-24CAC97C1243}
		{512501AE-0D4C-4BF1-A5D4-E3B99032BC3F} = {BEB063F9-AC18-4F78-BAC5-A3BDF578BD75}
		{254EB455-095B-4C33-9AEC-A660AA60FA6A} = {04282743-376D-4E91-851D-CE7206775D17}
		{5462B7F5-5884-4F7A-B50B-18EE33C8A63B} = {004165FE-B291-4F21-A925-93D65F990038}
		{D091C97A-251F-417C-82FF-3B17C3199D12} = {004165FE-B291-4F21-A925-93D65F990038}
		{78C6096A-16F3-462C-941E-83CABC8D8337} = {B093BB21-C2C0-42F5-961C-A441236B8281}
		{77B02B18-CF3F-4EF4-B701-3A3C9B3187DF} = {2AF0C6C0-F872-4161-9A83-24CAC97C1243}
	EndGlobalSection
	GlobalSection(ExtensibilityGlobals) = postSolution
		SolutionGuid = {8A39D900-8C6D-4342-BD72-034ACCB77F6C}
	EndGlobalSection
EndGlobal
